
Microsoft Visual Studio Solution File, Format Version 12.00
# Visual Studio Version 17
VisualStudioVersion = 17.7.34024.191
MinimumVisualStudioVersion = 10.0.40219.1
Project("{8BC9CEB8-8B4A-11D0-8D11-00A0C91BC942}") = "Project3ETU", "Project3ETU.vcxproj", "{FB8E5A82-3569-4088-91D2-00DD95DE9FD5}"
EndProject
Global
	GlobalSection(SolutionConfigurationPlatforms) = preSolution
		Debug|x64 = Debug|x64
		Debug|x86 = Debug|x86
		Release|x64 = Release|x64
		Release|x86 = Release|x86
	EndGlobalSection
	GlobalSection(ProjectConfigurationPlatforms) = postSolution
		{FB8E5A82-3569-4088-91D2-00DD95DE9FD5}.Debug|x64.ActiveCfg = Debug|x64
		{FB8E5A82-3569-4088-91D2-00DD95DE9FD5}.Debug|x64.Build.0 = Debug|x64
		{FB8E5A82-3569-4088-91D2-00DD95DE9FD5}.Debug|x86.ActiveCfg = Debug|Win32
		{FB8E5A82-3569-4088-91D2-00DD95DE9FD5}.Debug|x86.Build.0 = Debug|Win32
		{FB8E5A82-3569-4088-91D2-00DD95DE9FD5}.Release|x64.ActiveCfg = Release|x64
		{FB8E5A82-3569-4088-91D2-00DD95DE9FD5}.Release|x64.Build.0 = Release|x64
		{FB8E5A82-3569-4088-91D2-00DD95DE9FD5}.Release|x86.ActiveCfg = Release|Win32
		{FB8E5A82-3569-4088-91D2-00DD95DE9FD5}.Release|x86.Build.0 = Release|Win32
	EndGlobalSection
	GlobalSection(SolutionProperties) = preSolution
		HideSolutionNode = FALSE
	EndGlobalSection
	GlobalSection(ExtensibilityGlobals) = postSolution
		SolutionGuid = {D779B158-4EE1-4C5A-BC5E-C7E729AC4B9F}
	EndGlobalSection
EndGlobal
